
Microsoft Visual Studio Solution File, Format Version 12.00
# Visual Studio Version 16
VisualStudioVersion = 16.0.31205.134
MinimumVisualStudioVersion = 10.0.40219.1
Project("{FAE04EC0-301F-11D3-BF4B-00C04F79EFBC}") = "Eagle.API", "Eagle.API.csproj", "{706A4D1A-9EDB-444C-9DC9-33BE71F2F22C}"
EndProject
Global
	GlobalSection(SolutionConfigurationPlatforms) = preSolution
		Debug|Any CPU = Debug|Any CPU
		Release|Any CPU = Release|Any CPU
	EndGlobalSection
	GlobalSection(ProjectConfigurationPlatforms) = postSolution
		{706A4D1A-9EDB-444C-9DC9-33BE71F2F22C}.Debug|Any CPU.ActiveCfg = Debug|Any CPU
		{706A4D1A-9EDB-444C-9DC9-33BE71F2F22C}.Debug|Any CPU.Build.0 = Debug|Any CPU
		{706A4D1A-9EDB-444C-9DC9-33BE71F2F22C}.Release|Any CPU.ActiveCfg = Release|Any CPU
		{706A4D1A-9EDB-444C-9DC9-33BE71F2F22C}.Release|Any CPU.Build.0 = Release|Any CPU
	EndGlobalSection
	GlobalSection(SolutionProperties) = preSolution
		HideSolutionNode = FALSE
	EndGlobalSection
	GlobalSection(ExtensibilityGlobals) = postSolution
		SolutionGuid = {FC5F5298-5209-40E6-956B-F8CF810C4460}
	EndGlobalSection
EndGlobal
